
Microsoft Visual Studio Solution File, Format Version 12.00
# Visual Studio Version 17
VisualStudioVersion = 17.7.34031.279
MinimumVisualStudioVersion = 10.0.40219.1
Project("{FAE04EC0-301F-11D3-BF4B-00C04F79EFBC}") = "Sobes2", "Sobes2\Sobes2.csproj", "{84C8A558-E576-4A47-9960-F9355063AC94}"
EndProject
Global
	GlobalSection(SolutionConfigurationPlatforms) = preSolution
		Debug|Any CPU = Debug|Any CPU
		Release|Any CPU = Release|Any CPU
	EndGlobalSection
	GlobalSection(ProjectConfigurationPlatforms) = postSolution
		{84C8A558-E576-4A47-9960-F9355063AC94}.Debug|Any CPU.ActiveCfg = Debug|Any CPU
		{84C8A558-E576-4A47-9960-F9355063AC94}.Debug|Any CPU.Build.0 = Debug|Any CPU
		{84C8A558-E576-4A47-9960-F9355063AC94}.Release|Any CPU.ActiveCfg = Release|Any CPU
		{84C8A558-E576-4A47-9960-F9355063AC94}.Release|Any CPU.Build.0 = Release|Any CPU
	EndGlobalSection
	GlobalSection(SolutionProperties) = preSolution
		HideSolutionNode = FALSE
	EndGlobalSection
	GlobalSection(ExtensibilityGlobals) = postSolution
		SolutionGuid = {6079DFD8-F2CD-4DE8-B7E0-FCEA910DCBD5}
	EndGlobalSection
EndGlobal
